
Microsoft Visual Studio Solution File, Format Version 12.00
Project("{FAE04EC0-301F-11D3-BF4B-00C04F79EFBC}") = "Task1", "Task1\Task1.csproj", "{F1E466B8-FAD3-4507-A7B0-1A17B4D10D74}"
EndProject
Project("{FAE04EC0-301F-11D3-BF4B-00C04F79EFBC}") = "Task2", "Task2\Task2.csproj", "{1AA5BD27-F00C-4417-875F-309BB0566AC3}"
EndProject
Project("{FAE04EC0-301F-11D3-BF4B-00C04F79EFBC}") = "Task3", "Task3\Task3.csproj", "{ECBE1102-848E-4450-88B6-3F8484B95239}"
EndProject
Project("{FAE04EC0-301F-11D3-BF4B-00C04F79EFBC}") = "Task4", "Task4\Task4.csproj", "{79F575BD-1C19-4482-81D9-FEC162D0B25E}"
EndProject
Global
	GlobalSection(SolutionConfigurationPlatforms) = preSolution
		Debug|Any CPU = Debug|Any CPU
		Release|Any CPU = Release|Any CPU
	EndGlobalSection
	GlobalSection(ProjectConfigurationPlatforms) = postSolution
		{F1E466B8-FAD3-4507-A7B0-1A17B4D10D74}.Debug|Any CPU.ActiveCfg = Debug|Any CPU
		{F1E466B8-FAD3-4507-A7B0-1A17B4D10D74}.Debug|Any CPU.Build.0 = Debug|Any CPU
		{F1E466B8-FAD3-4507-A7B0-1A17B4D10D74}.Release|Any CPU.ActiveCfg = Release|Any CPU
		{F1E466B8-FAD3-4507-A7B0-1A17B4D10D74}.Release|Any CPU.Build.0 = Release|Any CPU
		{1AA5BD27-F00C-4417-875F-309BB0566AC3}.Debug|Any CPU.ActiveCfg = Debug|Any CPU
		{1AA5BD27-F00C-4417-875F-309BB0566AC3}.Debug|Any CPU.Build.0 = Debug|Any CPU
		{1AA5BD27-F00C-4417-875F-309BB0566AC3}.Release|Any CPU.ActiveCfg = Release|Any CPU
		{1AA5BD27-F00C-4417-875F-309BB0566AC3}.Release|Any CPU.Build.0 = Release|Any CPU
		{ECBE1102-848E-4450-88B6-3F8484B95239}.Debug|Any CPU.ActiveCfg = Debug|Any CPU
		{ECBE1102-848E-4450-88B6-3F8484B95239}.Debug|Any CPU.Build.0 = Debug|Any CPU
		{ECBE1102-848E-4450-88B6-3F8484B95239}.Release|Any CPU.ActiveCfg = Release|Any CPU
		{ECBE1102-848E-4450-88B6-3F8484B95239}.Release|Any CPU.Build.0 = Release|Any CPU
		{79F575BD-1C19-4482-81D9-FEC162D0B25E}.Debug|Any CPU.ActiveCfg = Debug|Any CPU
		{79F575BD-1C19-4482-81D9-FEC162D0B25E}.Debug|Any CPU.Build.0 = Debug|Any CPU
		{79F575BD-1C19-4482-81D9-FEC162D0B25E}.Release|Any CPU.ActiveCfg = Release|Any CPU
		{79F575BD-1C19-4482-81D9-FEC162D0B25E}.Release|Any CPU.Build.0 = Release|Any CPU
	EndGlobalSection
EndGlobal
